
Microsoft Visual Studio Solution File, Format Version 12.00
# Visual Studio Version 17
VisualStudioVersion = 17.1.32328.378
MinimumVisualStudioVersion = 10.0.40219.1
Project("{FAE04EC0-301F-11D3-BF4B-00C04F79EFBC}") = "tester", "tester\tester.csproj", "{F700BE52-E21D-42ED-9867-D4B73FF08A73}"
EndProject
Global
	GlobalSection(SolutionConfigurationPlatforms) = preSolution
		Debug|Any CPU = Debug|Any CPU
		Release|Any CPU = Release|Any CPU
	EndGlobalSection
	GlobalSection(ProjectConfigurationPlatforms) = postSolution
		{F700BE52-E21D-42ED-9867-D4B73FF08A73}.Debug|Any CPU.ActiveCfg = Debug|Any CPU
		{F700BE52-E21D-42ED-9867-D4B73FF08A73}.Debug|Any CPU.Build.0 = Debug|Any CPU
		{F700BE52-E21D-42ED-9867-D4B73FF08A73}.Release|Any CPU.ActiveCfg = Release|Any CPU
		{F700BE52-E21D-42ED-9867-D4B73FF08A73}.Release|Any CPU.Build.0 = Release|Any CPU
	EndGlobalSection
	GlobalSection(SolutionProperties) = preSolution
		HideSolutionNode = FALSE
	EndGlobalSection
	GlobalSection(ExtensibilityGlobals) = postSolution
		SolutionGuid = {26A5CB8C-EF95-4E9A-9838-5877E5446D6C}
	EndGlobalSection
EndGlobal
